
Microsoft Visual Studio Solution File, Format Version 12.00
# Visual Studio 15
Project("{FAE04EC0-301F-11D3-BF4B-00C04F79EFBC}") = "UnityEngine.TestRunner", "UnityEngine.TestRunner.csproj", "{EB796C0B-9F7E-0D75-648C-2D600871F2EC}"
EndProject
Project("{FAE04EC0-301F-11D3-BF4B-00C04F79EFBC}") = "Unity.Mathematics", "Unity.Mathematics.csproj", "{C0D0C37A-A9D9-FF5D-F5DF-14EF688CE877}"
EndProject
Project("{FAE04EC0-301F-11D3-BF4B-00C04F79EFBC}") = "Unity.Timeline", "Unity.Timeline.csproj", "{EF943374-79B6-2CD5-836C-58AA9D117FDB}"
EndProject
Project("{FAE04EC0-301F-11D3-BF4B-00C04F79EFBC}") = "UnityEngine.UI", "UnityEngine.UI.csproj", "{350BB63C-0763-13FE-5B04-481CCE668CB7}"
EndProject
Project("{FAE04EC0-301F-11D3-BF4B-00C04F79EFBC}") = "Unity.TextMeshPro", "Unity.TextMeshPro.csproj", "{C9BED066-44C6-BC61-8D2B-0E94C7C2804F}"
EndProject
Project("{FAE04EC0-301F-11D3-BF4B-00C04F79EFBC}") = "Unity.2D.Animation.Runtime", "Unity.2D.Animation.Runtime.csproj", "{5A9E5115-45A2-9E97-3C8D-9267216B83EA}"
EndProject
Project("{FAE04EC0-301F-11D3-BF4B-00C04F79EFBC}") = "Unity.2D.IK.Runtime", "Unity.2D.IK.Runtime.csproj", "{CDB512BE-1CC3-8E4A-A75A-72274A333BE9}"
EndProject
Project("{FAE04EC0-301F-11D3-BF4B-00C04F79EFBC}") = "Unity.2D.SpriteShape.Runtime", "Unity.2D.SpriteShape.Runtime.csproj", "{C3DFE9B1-4DF6-7B73-34F0-0FEA7445D609}"
EndProject
Project("{FAE04EC0-301F-11D3-BF4B-00C04F79EFBC}") = "Unity.2D.PixelPerfect", "Unity.2D.PixelPerfect.csproj", "{D7AE8D61-B738-6C3A-CAC3-AF13A65E526D}"
EndProject
Project("{FAE04EC0-301F-11D3-BF4B-00C04F79EFBC}") = "Assembly-CSharp", "Assembly-CSharp.csproj", "{0DDFDDF0-0ADE-FDCB-561F-906AA585A88E}"
EndProject
Project("{FAE04EC0-301F-11D3-BF4B-00C04F79EFBC}") = "Unity.2D.Common.Runtime", "Unity.2D.Common.Runtime.csproj", "{5375E776-5BD5-FC41-E077-207B73AA2220}"
EndProject
Project("{FAE04EC0-301F-11D3-BF4B-00C04F79EFBC}") = "Unity.InternalAPIEngineBridge.001", "Unity.InternalAPIEngineBridge.001.csproj", "{5494B690-9F71-6C7E-FD19-F009011B7C75}"
EndProject
Project("{FAE04EC0-301F-11D3-BF4B-00C04F79EFBC}") = "UnityEditor.TestRunner", "UnityEditor.TestRunner.csproj", "{FE0F0A18-6544-0F3C-0CB6-9FA5A29C6107}"
EndProject
Project("{FAE04EC0-301F-11D3-BF4B-00C04F79EFBC}") = "Unity.PlasticSCM.Editor", "Unity.PlasticSCM.Editor.csproj", "{C030FB03-162D-AB48-5356-4AFCEB7C557F}"
EndProject
Project("{FAE04EC0-301F-11D3-BF4B-00C04F79EFBC}") = "Unity.2D.Animation.Triangle.Editor", "Unity.2D.Animation.Triangle.Editor.csproj", "{B7A0AF0D-CB87-5721-E12D-4DD7D9E1E347}"
EndProject
Project("{FAE04EC0-301F-11D3-BF4B-00C04F79EFBC}") = "UnityEditor.UI", "UnityEditor.UI.csproj", "{76217A00-B2A6-72AD-2BF7-4A194EDEC794}"
EndProject
Project("{FAE04EC0-301F-11D3-BF4B-00C04F79EFBC}") = "Unity.Timeline.Editor", "Unity.Timeline.Editor.csproj", "{5AA1E77C-AF1E-BFFF-A6BC-0059589072A6}"
EndProject
Project("{FAE04EC0-301F-11D3-BF4B-00C04F79EFBC}") = "Unity.VisualStudio.Editor", "Unity.VisualStudio.Editor.csproj", "{03A4C95B-DE63-072B-D381-FD03D4937086}"
EndProject
Project("{FAE04EC0-301F-11D3-BF4B-00C04F79EFBC}") = "Unity.2D.Psdimporter.Editor", "Unity.2D.Psdimporter.Editor.csproj", "{030DB1BC-81DC-DAB1-1269-3CAAC0EC5AA6}"
EndProject
Project("{FAE04EC0-301F-11D3-BF4B-00C04F79EFBC}") = "Unity.2D.Animation.Editor", "Unity.2D.Animation.Editor.csproj", "{BF1E458C-7625-9E03-DED6-B7C13001221A}"
EndProject
Project("{FAE04EC0-301F-11D3-BF4B-00C04F79EFBC}") = "Unity.TextMeshPro.Editor", "Unity.TextMeshPro.Editor.csproj", "{8F9F51D3-E57D-3B08-2754-2390FFBF8165}"
EndProject
Project("{FAE04EC0-301F-11D3-BF4B-00C04F79EFBC}") = "Unity.2D.SpriteShape.Editor", "Unity.2D.SpriteShape.Editor.csproj", "{E8AE41CF-F696-E0FD-5D15-15942F4C85F7}"
EndProject
Project("{FAE04EC0-301F-11D3-BF4B-00C04F79EFBC}") = "PsdPlugin", "PsdPlugin.csproj", "{7A75FA55-98D6-8E81-0291-B69B2940E3E7}"
EndProject
Project("{FAE04EC0-301F-11D3-BF4B-00C04F79EFBC}") = "Unity.2D.Path.Editor", "Unity.2D.Path.Editor.csproj", "{0DD36259-999A-66F9-5DD3-6E3EF32F9F3F}"
EndProject
Project("{FAE04EC0-301F-11D3-BF4B-00C04F79EFBC}") = "Unity.Rider.Editor", "Unity.Rider.Editor.csproj", "{33E80D31-B19B-8408-7AA2-189A84FCC636}"
EndProject
Project("{FAE04EC0-301F-11D3-BF4B-00C04F79EFBC}") = "Unity.2D.IK.Editor", "Unity.2D.IK.Editor.csproj", "{CEF2C09E-13AA-B4D4-9233-A53E8EB35175}"
EndProject
Project("{FAE04EC0-301F-11D3-BF4B-00C04F79EFBC}") = "Unity.2D.Sprite.Editor", "Unity.2D.Sprite.Editor.csproj", "{45FF1419-0C35-1BE6-3609-0736768DCB74}"
EndProject
Project("{FAE04EC0-301F-11D3-BF4B-00C04F79EFBC}") = "Unity.2D.Tilemap.Editor", "Unity.2D.Tilemap.Editor.csproj", "{C4299109-B75D-30C8-9EE3-2A7687C4E0E2}"
EndProject
Project("{FAE04EC0-301F-11D3-BF4B-00C04F79EFBC}") = "Unity.2D.PixelPerfect.Editor", "Unity.2D.PixelPerfect.Editor.csproj", "{F39C5D08-3AC9-1F9D-0A8D-90691BE3DFAB}"
EndProject
Project("{FAE04EC0-301F-11D3-BF4B-00C04F79EFBC}") = "Unity.VSCode.Editor", "Unity.VSCode.Editor.csproj", "{FD276F3E-06B9-7189-3701-DEB69DF17C58}"
EndProject
Project("{FAE04EC0-301F-11D3-BF4B-00C04F79EFBC}") = "Unity.2D.Common.Editor", "Unity.2D.Common.Editor.csproj", "{B16B30BB-1240-5F19-75B4-D465D7BED0BA}"
EndProject
Project("{FAE04EC0-301F-11D3-BF4B-00C04F79EFBC}") = "Unity.Mathematics.Editor", "Unity.Mathematics.Editor.csproj", "{D720D0AA-1DF8-88FD-E046-429D3AD98106}"
EndProject
Project("{FAE04EC0-301F-11D3-BF4B-00C04F79EFBC}") = "Unity.CollabProxy.Editor", "Unity.CollabProxy.Editor.csproj", "{47207627-34C1-97EB-AABD-57059F78FED8}"
EndProject
Project("{FAE04EC0-301F-11D3-BF4B-00C04F79EFBC}") = "Unity.InternalAPIEditorBridge.001", "Unity.InternalAPIEditorBridge.001.csproj", "{921A4991-949E-3FD2-C7C4-6A36A001A9EA}"
EndProject
Project("{FAE04EC0-301F-11D3-BF4B-00C04F79EFBC}") = "UnityEngine.TestRunner", "UnityEngine.TestRunner.Player.csproj", "{913F103D-DDF1-3DA2-B0F6-357C6B1260F6}"
EndProject
Project("{FAE04EC0-301F-11D3-BF4B-00C04F79EFBC}") = "Unity.Mathematics", "Unity.Mathematics.Player.csproj", "{4328E053-72D1-F42F-D47C-5DC2DEB93541}"
EndProject
Project("{FAE04EC0-301F-11D3-BF4B-00C04F79EFBC}") = "Unity.Timeline", "Unity.Timeline.Player.csproj", "{BBA94937-3ACC-D606-8866-B7C6F4CADE92}"
EndProject
Project("{FAE04EC0-301F-11D3-BF4B-00C04F79EFBC}") = "UnityEngine.UI", "UnityEngine.UI.Player.csproj", "{7F4B7B4C-0FB4-1AA0-EC0C-DBCBAA7BA1E9}"
EndProject
Project("{FAE04EC0-301F-11D3-BF4B-00C04F79EFBC}") = "Unity.TextMeshPro", "Unity.TextMeshPro.Player.csproj", "{7AFFF2B0-F431-1283-F43D-FFB5C67AD703}"
EndProject
Project("{FAE04EC0-301F-11D3-BF4B-00C04F79EFBC}") = "Unity.2D.Animation.Runtime", "Unity.2D.Animation.Runtime.Player.csproj", "{0DCA1A30-5ADB-7E80-57CE-670AEAD73AA0}"
EndProject
Project("{FAE04EC0-301F-11D3-BF4B-00C04F79EFBC}") = "Unity.2D.IK.Runtime", "Unity.2D.IK.Runtime.Player.csproj", "{A6F9E486-7221-DE42-0D33-E4C1ADBAFF5B}"
EndProject
Project("{FAE04EC0-301F-11D3-BF4B-00C04F79EFBC}") = "Unity.2D.SpriteShape.Runtime", "Unity.2D.SpriteShape.Runtime.Player.csproj", "{2CD28899-F4F0-DB5C-8884-18F4E7AFEBE2}"
EndProject
Project("{FAE04EC0-301F-11D3-BF4B-00C04F79EFBC}") = "Unity.2D.PixelPerfect", "Unity.2D.PixelPerfect.Player.csproj", "{95C01B1B-EB04-7831-CC6F-AB1E2B6040A5}"
EndProject
Project("{FAE04EC0-301F-11D3-BF4B-00C04F79EFBC}") = "Assembly-CSharp", "Assembly-CSharp.Player.csproj", "{13D81A51-F012-5AC7-FB3D-009851551728}"
EndProject
Project("{FAE04EC0-301F-11D3-BF4B-00C04F79EFBC}") = "Unity.2D.Common.Runtime", "Unity.2D.Common.Runtime.Player.csproj", "{0283A265-8609-1FEA-99DC-F13B500596BC}"
EndProject
Project("{FAE04EC0-301F-11D3-BF4B-00C04F79EFBC}") = "Unity.InternalAPIEngineBridge.001", "Unity.InternalAPIEngineBridge.001.Player.csproj", "{4934791C-945B-FE15-57B2-E3679A1FAAF6}"
EndProject
Global
	GlobalSection(SolutionConfigurationPlatforms) = preSolution
		Debug|Any CPU = Debug|Any CPU
		Release|Any CPU = Release|Any CPU
	EndGlobalSection
	GlobalSection(ProjectConfigurationPlatforms) = postSolution
		{EB796C0B-9F7E-0D75-648C-2D600871F2EC}.Debug|Any CPU.ActiveCfg = Debug|Any CPU
		{EB796C0B-9F7E-0D75-648C-2D600871F2EC}.Debug|Any CPU.Build.0 = Debug|Any CPU
		{EB796C0B-9F7E-0D75-648C-2D600871F2EC}.Release|Any CPU.ActiveCfg = Release|Any CPU
		{EB796C0B-9F7E-0D75-648C-2D600871F2EC}.Release|Any CPU.Build.0 = Release|Any CPU
		{C0D0C37A-A9D9-FF5D-F5DF-14EF688CE877}.Debug|Any CPU.ActiveCfg = Debug|Any CPU
		{C0D0C37A-A9D9-FF5D-F5DF-14EF688CE877}.Debug|Any CPU.Build.0 = Debug|Any CPU
		{C0D0C37A-A9D9-FF5D-F5DF-14EF688CE877}.Release|Any CPU.ActiveCfg = Release|Any CPU
		{C0D0C37A-A9D9-FF5D-F5DF-14EF688CE877}.Release|Any CPU.Build.0 = Release|Any CPU
		{EF943374-79B6-2CD5-836C-58AA9D117FDB}.Debug|Any CPU.ActiveCfg = Debug|Any CPU
		{EF943374-79B6-2CD5-836C-58AA9D117FDB}.Debug|Any CPU.Build.0 = Debug|Any CPU
		{EF943374-79B6-2CD5-836C-58AA9D117FDB}.Release|Any CPU.ActiveCfg = Release|Any CPU
		{EF943374-79B6-2CD5-836C-58AA9D117FDB}.Release|Any CPU.Build.0 = Release|Any CPU
		{350BB63C-0763-13FE-5B04-481CCE668CB7}.Debug|Any CPU.ActiveCfg = Debug|Any CPU
		{350BB63C-0763-13FE-5B04-481CCE668CB7}.Debug|Any CPU.Build.0 = Debug|Any CPU
		{350BB63C-0763-13FE-5B04-481CCE668CB7}.Release|Any CPU.ActiveCfg = Release|Any CPU
		{350BB63C-0763-13FE-5B04-481CCE668CB7}.Release|Any CPU.Build.0 = Release|Any CPU
		{C9BED066-44C6-BC61-8D2B-0E94C7C2804F}.Debug|Any CPU.ActiveCfg = Debug|Any CPU
		{C9BED066-44C6-BC61-8D2B-0E94C7C2804F}.Debug|Any CPU.Build.0 = Debug|Any CPU
		{C9BED066-44C6-BC61-8D2B-0E94C7C2804F}.Release|Any CPU.ActiveCfg = Release|Any CPU
		{C9BED066-44C6-BC61-8D2B-0E94C7C2804F}.Release|Any CPU.Build.0 = Release|Any CPU
		{5A9E5115-45A2-9E97-3C8D-9267216B83EA}.Debug|Any CPU.ActiveCfg = Debug|Any CPU
		{5A9E5115-45A2-9E97-3C8D-9267216B83EA}.Debug|Any CPU.Build.0 = Debug|Any CPU
		{5A9E5115-45A2-9E97-3C8D-9267216B83EA}.Release|Any CPU.ActiveCfg = Release|Any CPU
		{5A9E5115-45A2-9E97-3C8D-9267216B83EA}.Release|Any CPU.Build.0 = Release|Any CPU
		{CDB512BE-1CC3-8E4A-A75A-72274A333BE9}.Debug|Any CPU.ActiveCfg = Debug|Any CPU
		{CDB512BE-1CC3-8E4A-A75A-72274A333BE9}.Debug|Any CPU.Build.0 = Debug|Any CPU
		{CDB512BE-1CC3-8E4A-A75A-72274A333BE9}.Release|Any CPU.ActiveCfg = Release|Any CPU
		{CDB512BE-1CC3-8E4A-A75A-72274A333BE9}.Release|Any CPU.Build.0 = Release|Any CPU
		{C3DFE9B1-4DF6-7B73-34F0-0FEA7445D609}.Debug|Any CPU.ActiveCfg = Debug|Any CPU
		{C3DFE9B1-4DF6-7B73-34F0-0FEA7445D609}.Debug|Any CPU.Build.0 = Debug|Any CPU
		{C3DFE9B1-4DF6-7B73-34F0-0FEA7445D609}.Release|Any CPU.ActiveCfg = Release|Any CPU
		{C3DFE9B1-4DF6-7B73-34F0-0FEA7445D609}.Release|Any CPU.Build.0 = Release|Any CPU
		{D7AE8D61-B738-6C3A-CAC3-AF13A65E526D}.Debug|Any CPU.ActiveCfg = Debug|Any CPU
		{D7AE8D61-B738-6C3A-CAC3-AF13A65E526D}.Debug|Any CPU.Build.0 = Debug|Any CPU
		{D7AE8D61-B738-6C3A-CAC3-AF13A65E526D}.Release|Any CPU.ActiveCfg = Release|Any CPU
		{D7AE8D61-B738-6C3A-CAC3-AF13A65E526D}.Release|Any CPU.Build.0 = Release|Any CPU
		{0DDFDDF0-0ADE-FDCB-561F-906AA585A88E}.Debug|Any CPU.ActiveCfg = Debug|Any CPU
		{0DDFDDF0-0ADE-FDCB-561F-906AA585A88E}.Debug|Any CPU.Build.0 = Debug|Any CPU
		{0DDFDDF0-0ADE-FDCB-561F-906AA585A88E}.Release|Any CPU.ActiveCfg = Release|Any CPU
		{0DDFDDF0-0ADE-FDCB-561F-906AA585A88E}.Release|Any CPU.Build.0 = Release|Any CPU
		{5375E776-5BD5-FC41-E077-207B73AA2220}.Debug|Any CPU.ActiveCfg = Debug|Any CPU
		{5375E776-5BD5-FC41-E077-207B73AA2220}.Debug|Any CPU.Build.0 = Debug|Any CPU
		{5375E776-5BD5-FC41-E077-207B73AA2220}.Release|Any CPU.ActiveCfg = Release|Any CPU
		{5375E776-5BD5-FC41-E077-207B73AA2220}.Release|Any CPU.Build.0 = Release|Any CPU
		{5494B690-9F71-6C7E-FD19-F009011B7C75}.Debug|Any CPU.ActiveCfg = Debug|Any CPU
		{5494B690-9F71-6C7E-FD19-F009011B7C75}.Debug|Any CPU.Build.0 = Debug|Any CPU
		{5494B690-9F71-6C7E-FD19-F009011B7C75}.Release|Any CPU.ActiveCfg = Release|Any CPU
		{5494B690-9F71-6C7E-FD19-F009011B7C75}.Release|Any CPU.Build.0 = Release|Any CPU
		{FE0F0A18-6544-0F3C-0CB6-9FA5A29C6107}.Debug|Any CPU.ActiveCfg = Debug|Any CPU
		{FE0F0A18-6544-0F3C-0CB6-9FA5A29C6107}.Debug|Any CPU.Build.0 = Debug|Any CPU
		{FE0F0A18-6544-0F3C-0CB6-9FA5A29C6107}.Release|Any CPU.ActiveCfg = Release|Any CPU
		{FE0F0A18-6544-0F3C-0CB6-9FA5A29C6107}.Release|Any CPU.Build.0 = Release|Any CPU
		{C030FB03-162D-AB48-5356-4AFCEB7C557F}.Debug|Any CPU.ActiveCfg = Debug|Any CPU
		{C030FB03-162D-AB48-5356-4AFCEB7C557F}.Debug|Any CPU.Build.0 = Debug|Any CPU
		{C030FB03-162D-AB48-5356-4AFCEB7C557F}.Release|Any CPU.ActiveCfg = Release|Any CPU
		{C030FB03-162D-AB48-5356-4AFCEB7C557F}.Release|Any CPU.Build.0 = Release|Any CPU
		{B7A0AF0D-CB87-5721-E12D-4DD7D9E1E347}.Debug|Any CPU.ActiveCfg = Debug|Any CPU
		{B7A0AF0D-CB87-5721-E12D-4DD7D9E1E347}.Debug|Any CPU.Build.0 = Debug|Any CPU
		{B7A0AF0D-CB87-5721-E12D-4DD7D9E1E347}.Release|Any CPU.ActiveCfg = Release|Any CPU
		{B7A0AF0D-CB87-5721-E12D-4DD7D9E1E347}.Release|Any CPU.Build.0 = Release|Any CPU
		{76217A00-B2A6-72AD-2BF7-4A194EDEC794}.Debug|Any CPU.ActiveCfg = Debug|Any CPU
		{76217A00-B2A6-72AD-2BF7-4A194EDEC794}.Debug|Any CPU.Build.0 = Debug|Any CPU
		{76217A00-B2A6-72AD-2BF7-4A194EDEC794}.Release|Any CPU.ActiveCfg = Release|Any CPU
		{76217A00-B2A6-72AD-2BF7-4A194EDEC794}.Release|Any CPU.Build.0 = Release|Any CPU
		{5AA1E77C-AF1E-BFFF-A6BC-0059589072A6}.Debug|Any CPU.ActiveCfg = Debug|Any CPU
		{5AA1E77C-AF1E-BFFF-A6BC-0059589072A6}.Debug|Any CPU.Build.0 = Debug|Any CPU
		{5AA1E77C-AF1E-BFFF-A6BC-0059589072A6}.Release|Any CPU.ActiveCfg = Release|Any CPU
		{5AA1E77C-AF1E-BFFF-A6BC-0059589072A6}.Release|Any CPU.Build.0 = Release|Any CPU
		{03A4C95B-DE63-072B-D381-FD03D4937086}.Debug|Any CPU.ActiveCfg = Debug|Any CPU
		{03A4C95B-DE63-072B-D381-FD03D4937086}.Debug|Any CPU.Build.0 = Debug|Any CPU
		{03A4C95B-DE63-072B-D381-FD03D4937086}.Release|Any CPU.ActiveCfg = Release|Any CPU
		{03A4C95B-DE63-072B-D381-FD03D4937086}.Release|Any CPU.Build.0 = Release|Any CPU
		{030DB1BC-81DC-DAB1-1269-3CAAC0EC5AA6}.Debug|Any CPU.ActiveCfg = Debug|Any CPU
		{030DB1BC-81DC-DAB1-1269-3CAAC0EC5AA6}.Debug|Any CPU.Build.0 = Debug|Any CPU
		{030DB1BC-81DC-DAB1-1269-3CAAC0EC5AA6}.Release|Any CPU.ActiveCfg = Release|Any CPU
		{030DB1BC-81DC-DAB1-1269-3CAAC0EC5AA6}.Release|Any CPU.Build.0 = Release|Any CPU
		{BF1E458C-7625-9E03-DED6-B7C13001221A}.Debug|Any CPU.ActiveCfg = Debug|Any CPU
		{BF1E458C-7625-9E03-DED6-B7C13001221A}.Debug|Any CPU.Build.0 = Debug|Any CPU
		{BF1E458C-7625-9E03-DED6-B7C13001221A}.Release|Any CPU.ActiveCfg = Release|Any CPU
		{BF1E458C-7625-9E03-DED6-B7C13001221A}.Release|Any CPU.Build.0 = Release|Any CPU
		{8F9F51D3-E57D-3B08-2754-2390FFBF8165}.Debug|Any CPU.ActiveCfg = Debug|Any CPU
		{8F9F51D3-E57D-3B08-2754-2390FFBF8165}.Debug|Any CPU.Build.0 = Debug|Any CPU
		{8F9F51D3-E57D-3B08-2754-2390FFBF8165}.Release|Any CPU.ActiveCfg = Release|Any CPU
		{8F9F51D3-E57D-3B08-2754-2390FFBF8165}.Release|Any CPU.Build.0 = Release|Any CPU
		{E8AE41CF-F696-E0FD-5D15-15942F4C85F7}.Debug|Any CPU.ActiveCfg = Debug|Any CPU
		{E8AE41CF-F696-E0FD-5D15-15942F4C85F7}.Debug|Any CPU.Build.0 = Debug|Any CPU
		{E8AE41CF-F696-E0FD-5D15-15942F4C85F7}.Release|Any CPU.ActiveCfg = Release|Any CPU
		{E8AE41CF-F696-E0FD-5D15-15942F4C85F7}.Release|Any CPU.Build.0 = Release|Any CPU
		{7A75FA55-98D6-8E81-0291-B69B2940E3E7}.Debug|Any CPU.ActiveCfg = Debug|Any CPU
		{7A75FA55-98D6-8E81-0291-B69B2940E3E7}.Debug|Any CPU.Build.0 = Debug|Any CPU
		{7A75FA55-98D6-8E81-0291-B69B2940E3E7}.Release|Any CPU.ActiveCfg = Release|Any CPU
		{7A75FA55-98D6-8E81-0291-B69B2940E3E7}.Release|Any CPU.Build.0 = Release|Any CPU
		{0DD36259-999A-66F9-5DD3-6E3EF32F9F3F}.Debug|Any CPU.ActiveCfg = Debug|Any CPU
		{0DD36259-999A-66F9-5DD3-6E3EF32F9F3F}.Debug|Any CPU.Build.0 = Debug|Any CPU
		{0DD36259-999A-66F9-5DD3-6E3EF32F9F3F}.Release|Any CPU.ActiveCfg = Release|Any CPU
		{0DD36259-999A-66F9-5DD3-6E3EF32F9F3F}.Release|Any CPU.Build.0 = Release|Any CPU
		{33E80D31-B19B-8408-7AA2-189A84FCC636}.Debug|Any CPU.ActiveCfg = Debug|Any CPU
		{33E80D31-B19B-8408-7AA2-189A84FCC636}.Debug|Any CPU.Build.0 = Debug|Any CPU
		{33E80D31-B19B-8408-7AA2-189A84FCC636}.Release|Any CPU.ActiveCfg = Release|Any CPU
		{33E80D31-B19B-8408-7AA2-189A84FCC636}.Release|Any CPU.Build.0 = Release|Any CPU
		{CEF2C09E-13AA-B4D4-9233-A53E8EB35175}.Debug|Any CPU.ActiveCfg = Debug|Any CPU
		{CEF2C09E-13AA-B4D4-9233-A53E8EB35175}.Debug|Any CPU.Build.0 = Debug|Any CPU
		{CEF2C09E-13AA-B4D4-9233-A53E8EB35175}.Release|Any CPU.ActiveCfg = Release|Any CPU
		{CEF2C09E-13AA-B4D4-9233-A53E8EB35175}.Release|Any CPU.Build.0 = Release|Any CPU
		{45FF1419-0C35-1BE6-3609-0736768DCB74}.Debug|Any CPU.ActiveCfg = Debug|Any CPU
		{45FF1419-0C35-1BE6-3609-0736768DCB74}.Debug|Any CPU.Build.0 = Debug|Any CPU
		{45FF1419-0C35-1BE6-3609-0736768DCB74}.Release|Any CPU.ActiveCfg = Release|Any CPU
		{45FF1419-0C35-1BE6-3609-0736768DCB74}.Release|Any CPU.Build.0 = Release|Any CPU
		{C4299109-B75D-30C8-9EE3-2A7687C4E0E2}.Debug|Any CPU.ActiveCfg = Debug|Any CPU
		{C4299109-B75D-30C8-9EE3-2A7687C4E0E2}.Debug|Any CPU.Build.0 = Debug|Any CPU
		{C4299109-B75D-30C8-9EE3-2A7687C4E0E2}.Release|Any CPU.ActiveCfg = Release|Any CPU
		{C4299109-B75D-30C8-9EE3-2A7687C4E0E2}.Release|Any CPU.Build.0 = Release|Any CPU
		{F39C5D08-3AC9-1F9D-0A8D-90691BE3DFAB}.Debug|Any CPU.ActiveCfg = Debug|Any CPU
		{F39C5D08-3AC9-1F9D-0A8D-90691BE3DFAB}.Debug|Any CPU.Build.0 = Debug|Any CPU
		{F39C5D08-3AC9-1F9D-0A8D-90691BE3DFAB}.Release|Any CPU.ActiveCfg = Release|Any CPU
		{F39C5D08-3AC9-1F9D-0A8D-90691BE3DFAB}.Release|Any CPU.Build.0 = Release|Any CPU
		{FD276F3E-06B9-7189-3701-DEB69DF17C58}.Debug|Any CPU.ActiveCfg = Debug|Any CPU
		{FD276F3E-06B9-7189-3701-DEB69DF17C58}.Debug|Any CPU.Build.0 = Debug|Any CPU
		{FD276F3E-06B9-7189-3701-DEB69DF17C58}.Release|Any CPU.ActiveCfg = Release|Any CPU
		{FD276F3E-06B9-7189-3701-DEB69DF17C58}.Release|Any CPU.Build.0 = Release|Any CPU
		{B16B30BB-1240-5F19-75B4-D465D7BED0BA}.Debug|Any CPU.ActiveCfg = Debug|Any CPU
		{B16B30BB-1240-5F19-75B4-D465D7BED0BA}.Debug|Any CPU.Build.0 = Debug|Any CPU
		{B16B30BB-1240-5F19-75B4-D465D7BED0BA}.Release|Any CPU.ActiveCfg = Release|Any CPU
		{B16B30BB-1240-5F19-75B4-D465D7BED0BA}.Release|Any CPU.Build.0 = Release|Any CPU
		{D720D0AA-1DF8-88FD-E046-429D3AD98106}.Debug|Any CPU.ActiveCfg = Debug|Any CPU
		{D720D0AA-1DF8-88FD-E046-429D3AD98106}.Debug|Any CPU.Build.0 = Debug|Any CPU
		{D720D0AA-1DF8-88FD-E046-429D3AD98106}.Release|Any CPU.ActiveCfg = Release|Any CPU
		{D720D0AA-1DF8-88FD-E046-429D3AD98106}.Release|Any CPU.Build.0 = Release|Any CPU
		{47207627-34C1-97EB-AABD-57059F78FED8}.Debug|Any CPU.ActiveCfg = Debug|Any CPU
		{47207627-34C1-97EB-AABD-57059F78FED8}.Debug|Any CPU.Build.0 = Debug|Any CPU
		{47207627-34C1-97EB-AABD-57059F78FED8}.Release|Any CPU.ActiveCfg = Release|Any CPU
		{47207627-34C1-97EB-AABD-57059F78FED8}.Release|Any CPU.Build.0 = Release|Any CPU
		{921A4991-949E-3FD2-C7C4-6A36A001A9EA}.Debug|Any CPU.ActiveCfg = Debug|Any CPU
		{921A4991-949E-3FD2-C7C4-6A36A001A9EA}.Debug|Any CPU.Build.0 = Debug|Any CPU
		{921A4991-949E-3FD2-C7C4-6A36A001A9EA}.Release|Any CPU.ActiveCfg = Release|Any CPU
		{921A4991-949E-3FD2-C7C4-6A36A001A9EA}.Release|Any CPU.Build.0 = Release|Any CPU
		{913F103D-DDF1-3DA2-B0F6-357C6B1260F6}.Debug|Any CPU.ActiveCfg = Debug|Any CPU
		{913F103D-DDF1-3DA2-B0F6-357C6B1260F6}.Debug|Any CPU.Build.0 = Debug|Any CPU
		{913F103D-DDF1-3DA2-B0F6-357C6B1260F6}.Release|Any CPU.ActiveCfg = Release|Any CPU
		{913F103D-DDF1-3DA2-B0F6-357C6B1260F6}.Release|Any CPU.Build.0 = Release|Any CPU
		{4328E053-72D1-F42F-D47C-5DC2DEB93541}.Debug|Any CPU.ActiveCfg = Debug|Any CPU
		{4328E053-72D1-F42F-D47C-5DC2DEB93541}.Debug|Any CPU.Build.0 = Debug|Any CPU
		{4328E053-72D1-F42F-D47C-5DC2DEB93541}.Release|Any CPU.ActiveCfg = Release|Any CPU
		{4328E053-72D1-F42F-D47C-5DC2DEB93541}.Release|Any CPU.Build.0 = Release|Any CPU
		{BBA94937-3ACC-D606-8866-B7C6F4CADE92}.Debug|Any CPU.ActiveCfg = Debug|Any CPU
		{BBA94937-3ACC-D606-8866-B7C6F4CADE92}.Debug|Any CPU.Build.0 = Debug|Any CPU
		{BBA94937-3ACC-D606-8866-B7C6F4CADE92}.Release|Any CPU.ActiveCfg = Release|Any CPU
		{BBA94937-3ACC-D606-8866-B7C6F4CADE92}.Release|Any CPU.Build.0 = Release|Any CPU
		{7F4B7B4C-0FB4-1AA0-EC0C-DBCBAA7BA1E9}.Debug|Any CPU.ActiveCfg = Debug|Any CPU
		{7F4B7B4C-0FB4-1AA0-EC0C-DBCBAA7BA1E9}.Debug|Any CPU.Build.0 = Debug|Any CPU
		{7F4B7B4C-0FB4-1AA0-EC0C-DBCBAA7BA1E9}.Release|Any CPU.ActiveCfg = Release|Any CPU
		{7F4B7B4C-0FB4-1AA0-EC0C-DBCBAA7BA1E9}.Release|Any CPU.Build.0 = Release|Any CPU
		{7AFFF2B0-F431-1283-F43D-FFB5C67AD703}.Debug|Any CPU.ActiveCfg = Debug|Any CPU
		{7AFFF2B0-F431-1283-F43D-FFB5C67AD703}.Debug|Any CPU.Build.0 = Debug|Any CPU
		{7AFFF2B0-F431-1283-F43D-FFB5C67AD703}.Release|Any CPU.ActiveCfg = Release|Any CPU
		{7AFFF2B0-F431-1283-F43D-FFB5C67AD703}.Release|Any CPU.Build.0 = Release|Any CPU
		{0DCA1A30-5ADB-7E80-57CE-670AEAD73AA0}.Debug|Any CPU.ActiveCfg = Debug|Any CPU
		{0DCA1A30-5ADB-7E80-57CE-670AEAD73AA0}.Debug|Any CPU.Build.0 = Debug|Any CPU
		{0DCA1A30-5ADB-7E80-57CE-670AEAD73AA0}.Release|Any CPU.ActiveCfg = Release|Any CPU
		{0DCA1A30-5ADB-7E80-57CE-670AEAD73AA0}.Release|Any CPU.Build.0 = Release|Any CPU
		{A6F9E486-7221-DE42-0D33-E4C1ADBAFF5B}.Debug|Any CPU.ActiveCfg = Debug|Any CPU
		{A6F9E486-7221-DE42-0D33-E4C1ADBAFF5B}.Debug|Any CPU.Build.0 = Debug|Any CPU
		{A6F9E486-7221-DE42-0D33-E4C1ADBAFF5B}.Release|Any CPU.ActiveCfg = Release|Any CPU
		{A6F9E486-7221-DE42-0D33-E4C1ADBAFF5B}.Release|Any CPU.Build.0 = Release|Any CPU
		{2CD28899-F4F0-DB5C-8884-18F4E7AFEBE2}.Debug|Any CPU.ActiveCfg = Debug|Any CPU
		{2CD28899-F4F0-DB5C-8884-18F4E7AFEBE2}.Debug|Any CPU.Build.0 = Debug|Any CPU
		{2CD28899-F4F0-DB5C-8884-18F4E7AFEBE2}.Release|Any CPU.ActiveCfg = Release|Any CPU
		{2CD28899-F4F0-DB5C-8884-18F4E7AFEBE2}.Release|Any CPU.Build.0 = Release|Any CPU
		{95C01B1B-EB04-7831-CC6F-AB1E2B6040A5}.Debug|Any CPU.ActiveCfg = Debug|Any CPU
		{95C01B1B-EB04-7831-CC6F-AB1E2B6040A5}.Debug|Any CPU.Build.0 = Debug|Any CPU
		{95C01B1B-EB04-7831-CC6F-AB1E2B6040A5}.Release|Any CPU.ActiveCfg = Release|Any CPU
		{95C01B1B-EB04-7831-CC6F-AB1E2B6040A5}.Release|Any CPU.Build.0 = Release|Any CPU
		{13D81A51-F012-5AC7-FB3D-009851551728}.Debug|Any CPU.ActiveCfg = Debug|Any CPU
		{13D81A51-F012-5AC7-FB3D-009851551728}.Debug|Any CPU.Build.0 = Debug|Any CPU
		{13D81A51-F012-5AC7-FB3D-009851551728}.Release|Any CPU.ActiveCfg = Release|Any CPU
		{13D81A51-F012-5AC7-FB3D-009851551728}.Release|Any CPU.Build.0 = Release|Any CPU
		{0283A265-8609-1FEA-99DC-F13B500596BC}.Debug|Any CPU.ActiveCfg = Debug|Any CPU
		{0283A265-8609-1FEA-99DC-F13B500596BC}.Debug|Any CPU.Build.0 = Debug|Any CPU
		{0283A265-8609-1FEA-99DC-F13B500596BC}.Release|Any CPU.ActiveCfg = Release|Any CPU
		{0283A265-8609-1FEA-99DC-F13B500596BC}.Release|Any CPU.Build.0 = Release|Any CPU
		{4934791C-945B-FE15-57B2-E3679A1FAAF6}.Debug|Any CPU.ActiveCfg = Debug|Any CPU
		{4934791C-945B-FE15-57B2-E3679A1FAAF6}.Debug|Any CPU.Build.0 = Debug|Any CPU
		{4934791C-945B-FE15-57B2-E3679A1FAAF6}.Release|Any CPU.ActiveCfg = Release|Any CPU
		{4934791C-945B-FE15-57B2-E3679A1FAAF6}.Release|Any CPU.Build.0 = Release|Any CPU
	EndGlobalSection
	GlobalSection(SolutionProperties) = preSolution
		HideSolutionNode = FALSE
	EndGlobalSection
EndGlobal
